{
  "version": "4",
  "specifiers": {
    "jsr:@std/async@*": "1.0.12",
    "npm:hono@*": "4.7.6"
  },
  "jsr": {
    "@std/async@1.0.12": {
      "integrity": "d1bfcec459e8012846fe4e38dfc4241ab23240ecda3d8d6dfcf6d81a632e803d"
    }
  },
  "npm": {
    "hono@4.7.6": {
      "integrity": "sha512-564rVzELU+9BRqqx5k8sT2NFwGD3I3Vifdb6P7CmM6FiarOSY+fDC+6B+k9wcCb86ReoayteZP2ki0cRLN1jbw=="
    }
  },
  "workspace": {
    "dependencies": [
      "jsr:@std/assert@1"
    ]
  }
}
